// !$*UTF8*$!
{
	archiveVersion = 1;
	classes = {
	};
	objectVersion = 46;
	objects = {

/* Begin PBXBuildFile section */
		860F13A41CB6953D00C77CA2 /* main.m in Sources */ = {isa = PBXBuildFile; fileRef = 860F13A31CB6953D00C77CA2 /* main.m */; };
		860F13A71CB6953D00C77CA2 /* AppDelegate.m in Sources */ = {isa = PBXBuildFile; fileRef = 860F13A61CB6953D00C77CA2 /* AppDelegate.m */; };
		860F13AA1CB6953D00C77CA2 /* ViewController.m in Sources */ = {isa = PBXBuildFile; fileRef = 860F13A91CB6953D00C77CA2 /* ViewController.m */; };
		860F13AD1CB6953D00C77CA2 /* Main.storyboard in Resources */ = {isa = PBXBuildFile; fileRef = 860F13AB1CB6953D00C77CA2 /* Main.storyboard */; };
		860F13B01CB6953D00C77CA2 /* AKInstalledAppList.xcdatamodeld in Sources */ = {isa = PBXBuildFile; fileRef = 860F13AE1CB6953D00C77CA2 /* AKInstalledAppList.xcdatamodeld */; };
		860F13B21CB6953D00C77CA2 /* Assets.xcassets in Resources */ = {isa = PBXBuildFile; fileRef = 860F13B11CB6953D00C77CA2 /* Assets.xcassets */; };
		860F13B51CB6953D00C77CA2 /* LaunchScreen.storyboard in Resources */ = {isa = PBXBuildFile; fileRef = 860F13B31CB6953D00C77CA2 /* LaunchScreen.storyboard */; };
		860F13BE1CB6955F00C77CA2 /* LSApplicationProxy.m in Sources */ = {isa = PBXBuildFile; fileRef = 860F13BD1CB6955F00C77CA2 /* LSApplicationProxy.m */; };
/* End PBXBuildFile section */

/* Begin PBXFileReference section */
		860F139F1CB6953D00C77CA2 /* AKInstalledAppList.app */ = {isa = PBXFileReference; explicitFileType = wrapper.application; includeInIndex = 0; path = AKInstalledAppList.app; sourceTree = BUILT_PRODUCTS_DIR; };
		860F13A31CB6953D00C77CA2 /* main.m */ = {isa = PBXFileReference; lastKnownFileType = sourcecode.c.objc; path = main.m; sourceTree = "<group>"; };
		860F13A51CB6953D00C77CA2 /* AppDelegate.h */ = {isa = PBXFileReference; lastKnownFileType = sourcecode.c.h; path = AppDelegate.h; sourceTree = "<group>"; };
		860F13A61CB6953D00C77CA2 /* AppDelegate.m */ = {isa = PBXFileReference; lastKnownFileType = sourcecode.c.objc; path = AppDelegate.m; sourceTree = "<group>"; };
		860F13A81CB6953D00C77CA2 /* ViewController.h */ = {isa = PBXFileReference; lastKnownFileType = sourcecode.c.h; path = ViewController.h; sourceTree = "<group>"; };
		860F13A91CB6953D00C77CA2 /* ViewController.m */ = {isa = PBXFileReference; lastKnownFileType = sourcecode.c.objc; path = ViewController.m; sourceTree = "<group>"; };
		860F13AC1CB6953D00C77CA2 /* Base */ = {isa = PBXFileReference; lastKnownFileType = file.storyboard; name = Base; path = Base.lproj/Main.storyboard; sourceTree = "<group>"; };
		860F13AF1CB6953D00C77CA2 /* AKInstalledAppList.xcdatamodel */ = {isa = PBXFileReference; lastKnownFileType = wrapper.xcdatamodel; path = AKInstalledAppList.xcdatamodel; sourceTree = "<group>"; };
		860F13B11CB6953D00C77CA2 /* Assets.xcassets */ = {isa = PBXFileReference; lastKnownFileType = folder.assetcatalog; path = Assets.xcassets; sourceTree = "<group>"; };
		860F13B41CB6953D00C77CA2 /* Base */ = {isa = PBXFileReference; lastKnownFileType = file.storyboard; name = Base; path = Base.lproj/LaunchScreen.storyboard; sourceTree = "<group>"; };
		860F13B61CB6953D00C77CA2 /* Info.plist */ = {isa = PBXFileReference; lastKnownFileType = text.plist.xml; path = Info.plist; sourceTree = "<group>"; };
		860F13BC1CB6955F00C77CA2 /* LSApplicationProxy.h */ = {isa = PBXFileReference; fileEncoding = 4; lastKnownFileType = sourcecode.c.h; path = LSApplicationProxy.h; sourceTree = "<group>"; };
		860F13BD1CB6955F00C77CA2 /* LSApplicationProxy.m */ = {isa = PBXFileReference; fileEncoding = 4; lastKnownFileType = sourcecode.c.objc; path = LSApplicationProxy.m; sourceTree = "<group>"; };
/* End PBXFileReference section */

/* Begin PBXFrameworksBuildPhase section */
		860F139C1CB6953D00C77CA2 /* Frameworks */ = {
			isa = PBXFrameworksBuildPhase;
			buildActionMask = 2147483647;
			files = (
			);
			runOnlyForDeploymentPostprocessing = 0;
		};
/* End PBXFrameworksBuildPhase section */

/* Begin PBXGroup section */
		860F13961CB6953D00C77CA2 = {
			isa = PBXGroup;
			children = (
				860F13A11CB6953D00C77CA2 /* AKInstalledAppList */,
				860F13A01CB6953D00C77CA2 /* Products */,
			);
			sourceTree = "<group>";
		};
		860F13A01CB6953D00C77CA2 /* Products */ = {
			isa = PBXGroup;
			children = (
				860F139F1CB6953D00C77CA2 /* AKInstalledAppList.app */,
			);
			name = Products;
			sourceTree = "<group>";
		};
		860F13A11CB6953D00C77CA2 /* AKInstalledAppList */ = {
			isa = PBXGroup;
			children = (
				860F13BC1CB6955F00C77CA2 /* LSApplicationProxy.h */,
				860F13BD1CB6955F00C77CA2 /* LSApplicationProxy.m */,
				860F13A51CB6953D00C77CA2 /* AppDelegate.h */,
				860F13A61CB6953D00C77CA2 /* AppDelegate.m */,
				860F13A81CB6953D00C77CA2 /* ViewController.h */,
				860F13A91CB6953D00C77CA2 /* ViewController.m */,
				860F13AB1CB6953D00C77CA2 /* Main.storyboard */,
				860F13B11CB6953D00C77CA2 /* Assets.xcassets */,
				860F13B31CB6953D00C77CA2 /* LaunchScreen.storyboard */,
				860F13B61CB6953D00C77CA2 /* Info.plist */,
				860F13AE1CB6953D00C77CA2 /* AKInstalledAppList.xcdatamodeld */,
				860F13A21CB6953D00C77CA2 /* Supporting Files */,
			);
			path = AKInstalledAppList;
			sourceTree = "<group>";
		};
		860F13A21CB6953D00C77CA2 /* Supporting Files */ = {
			isa = PBXGroup;
			children = (
				860F13A31CB6953D00C77CA2 /* main.m */,
			);
			name = "Supporting Files";
			sourceTree = "<group>";
		};
/* End PBXGroup section */

/* Begin PBXNativeTarget section */
		860F139E1CB6953D00C77CA2 /* AKInstalledAppList */ = {
			isa = PBXNativeTarget;
			buildConfigurationList = 860F13B91CB6953D00C77CA2 /* Build configuration list for PBXNativeTarget "AKInstalledAppList" */;
			buildPhases = (
				860F139B1CB6953D00C77CA2 /* Sources */,
				860F139C1CB6953D00C77CA2 /* Frameworks */,
				860F139D1CB6953D00C77CA2 /* Resources */,
			);
			buildRules = (
			);
			dependencies = (
			);
			name = AKInstalledAppList;
			productName = AKInstalledAppList;
			productReference = 860F139F1CB6953D00C77CA2 /* AKInstalledAppList.app */;
			productType = "com.apple.product-type.application";
		};
/* End PBXNativeTarget section */

/* Begin PBXProject section */
		860F13971CB6953D00C77CA2 /* Project object */ = {
			isa = PBXProject;
			attributes = {
				LastUpgradeCheck = 0730;
				ORGANIZATIONNAME = "Arafat Khan";
				TargetAttributes = {
					860F139E1CB6953D00C77CA2 = {
						CreatedOnToolsVersion = 7.3;
					};
				};
			};
			buildConfigurationList = 860F139A1CB6953D00C77CA2 /* Build configuration list for PBXProject "AKInstalledAppList" */;
			compatibilityVersion = "Xcode 3.2";
			developmentRegion = English;
			hasScannedForEncodings = 0;
			knownRegions = (
				en,
				Base,
			);
			mainGroup = 860F13961CB6953D00C77CA2;
			productRefGroup = 860F13A01CB6953D00C77CA2 /* Products */;
			projectDirPath = "";
			projectRoot = "";
			targets = (
				860F139E1CB6953D00C77CA2 /* AKInstalledAppList */,
			);
		};
/* End PBXProject section */

/* Begin PBXResourcesBuildPhase section */
		860F139D1CB6953D00C77CA2 /* Resources */ = {
			isa = PBXResourcesBuildPhase;
			buildActionMask = 2147483647;
			files = (
				860F13B51CB6953D00C77CA2 /* LaunchScreen.storyboard in Resources */,
				860F13B21CB6953D00C77CA2 /* Assets.xcassets in Resources */,
				860F13AD1CB6953D00C77CA2 /* Main.storyboard in Resources */,
			);
			runOnlyForDeploymentPostprocessing = 0;
		};
/* End PBXResourcesBuildPhase section */

/* Begin PBXSourcesBuildPhase section */
		860F139B1CB6953D00C77CA2 /* Sources */ = {
			isa = PBXSourcesBuildPhase;
			buildActionMask = 2147483647;
			files = (
				860F13B01CB6953D00C77CA2 /* AKInstalledAppList.xcdatamodeld in Sources */,
				860F13AA1CB6953D00C77CA2 /* ViewController.m in Sources */,
				860F13BE1CB6955F00C77CA2 /* LSApplicationProxy.m in Sources */,
				860F13A71CB6953D00C77CA2 /* AppDelegate.m in Sources */,
				860F13A41CB6953D00C77CA2 /* main.m in Sources */,
			);
			runOnlyForDeploymentPostprocessing = 0;
		};
/* End PBXSourcesBuildPhase section */

/* Begin PBXVariantGroup section */
		860F13AB1CB6953D00C77CA2 /* Main.storyboard */ = {
			isa = PBXVariantGroup;
			children = (
				860F13AC1CB6953D00C77CA2 /* Base */,
			);
			name = Main.storyboard;
			sourceTree = "<group>";
		};
		860F13B31CB6953D00C77CA2 /* LaunchScreen.storyboard */ = {
			isa = PBXVariantGroup;
			children = (
				860F13B41CB6953D00C77CA2 /* Base */,
			);
			name = LaunchScreen.storyboard;
			sourceTree = "<group>";
		};
/* End PBXVariantGroup section */

/* Begin XCBuildConfiguration section */
		860F13B71CB6953D00C77CA2 /* Debug */ = {
			isa = XCBuildConfiguration;
			buildSettings = {
				ALWAYS_SEARCH_USER_PATHS = NO;
				CLANG_ANALYZER_NONNULL = YES;
				CLANG_CXX_LANGUAGE_STANDARD = "gnu++0x";
				CLANG_CXX_LIBRARY = "libc++";
				CLANG_ENABLE_MODULES = YES;
				CLANG_ENABLE_OBJC_ARC = YES;
				CLANG_WARN_BOOL_CONVERSION = YES;
				CLANG_WARN_CONSTANT_CONVERSION = YES;
				CLANG_WARN_DIRECT_OBJC_ISA_USAGE = YES_ERROR;
				CLANG_WARN_EMPTY_BODY = YES;
				CLANG_WARN_ENUM_CONVERSION = YES;
				CLANG_WARN_INT_CONVERSION = YES;
				CLANG_WARN_OBJC_ROOT_CLASS = YES_ERROR;
				CLANG_WARN_UNREACHABLE_CODE = YES;
				CLANG_WARN__DUPLICATE_METHOD_MATCH = YES;
				"CODE_SIGN_IDENTITY[sdk=iphoneos*]" = "iPhone Developer";
				COPY_PHASE_STRIP = NO;
				DEBUG_INFORMATION_FORMAT = dwarf;
				ENABLE_STRICT_OBJC_MSGSEND = YES;
				ENABLE_TESTABILITY = YES;
				GCC_C_LANGUAGE_STANDARD = gnu99;
				GCC_DYNAMIC_NO_PIC = NO;
				GCC_NO_COMMON_BLOCKS = YES;
				GCC_OPTIMIZATION_LEVEL = 0;
				GCC_PREPROCESSOR_DEFINITIONS = (
					"DEBUG=1",
					"$(inherited)",
				);
				GCC_WARN_64_TO_32_BIT_CONVERSION = YES;
				GCC_WARN_ABOUT_RETURN_TYPE = YES_ERROR;
				GCC_WARN_UNDECLARED_SELECTOR = YES;
				GCC_WARN_UNINITIALIZED_AUTOS = YES_AGGRESSIVE;
				GCC_WARN_UNUSED_FUNCTION = YES;
				GCC_WARN_UNUSED_VARIABLE = YES;
				IPHONEOS_DEPLOYMENT_TARGET = 9.3;
				MTL_ENABLE_DEBUG_INFO = YES;
				ONLY_ACTIVE_ARCH = YES;
				SDKROOT = iphoneos;
				TARGETED_DEVICE_FAMILY = "1,2";
			};
			name = Debug;
		};
		860F13B81CB6953D00C77CA2 /* Release */ = {
			isa = XCBuildConfiguration;
			buildSettings = {
				ALWAYS_SEARCH_USER_PATHS = NO;
				CLANG_ANALYZER_NONNULL = YES;
				CLANG_CXX_LANGUAGE_STANDARD = "gnu++0x";
				CLANG_CXX_LIBRARY = "libc++";
				CLANG_ENABLE_MODULES = YES;
				CLANG_ENABLE_OBJC_ARC = YES;
				CLANG_WARN_BOOL_CONVERSION = YES;
				CLANG_WARN_CONSTANT_CONVERSION = YES;
				CLANG_WARN_DIRECT_OBJC_ISA_USAGE = YES_ERROR;
				CLANG_WARN_EMPTY_BODY = YES;
				CLANG_WARN_ENUM_CONVERSION = YES;
				CLANG_WARN_INT_CONVERSION = YES;
				CLANG_WARN_OBJC_ROOT_CLASS = YES_ERROR;
				CLANG_WARN_UNREACHABLE_CODE = YES;
				CLANG_WARN__DUPLICATE_METHOD_MATCH = YES;
				"CODE_SIGN_IDENTITY[sdk=iphoneos*]" = "iPhone Developer";
				COPY_PHASE_STRIP = NO;
				DEBUG_INFORMATION_FORMAT = "dwarf-with-dsym";
				ENABLE_NS_ASSERTIONS = NO;
				ENABLE_STRICT_OBJC_MSGSEND = YES;
				GCC_C_LANGUAGE_STANDARD = gnu99;
				GCC_NO_COMMON_BLOCKS = YES;
				GCC_WARN_64_TO_32_BIT_CONVERSION = YES;
				GCC_WARN_ABOUT_RETURN_TYPE = YES_ERROR;
				GCC_WARN_UNDECLARED_SELECTOR = YES;
				GCC_WARN_UNINITIALIZED_AUTOS = YES_AGGRESSIVE;
				GCC_WARN_UNUSED_FUNCTION = YES;
				GCC_WARN_UNUSED_VARIABLE = YES;
				IPHONEOS_DEPLOYMENT_TARGET = 9.3;
				MTL_ENABLE_DEBUG_INFO = NO;
				SDKROOT = iphoneos;
				TARGETED_DEVICE_FAMILY = "1,2";
				VALIDATE_PRODUCT = YES;
			};
			name = Release;
		};
		860F13BA1CB6953D00C77CA2 /* Debug */ = {
			isa = XCBuildConfiguration;
			buildSettings = {
				ASSETCATALOG_COMPILER_APPICON_NAME = AppIcon;
				INFOPLIST_FILE = AKInstalledAppList/Info.plist;
				LD_RUNPATH_SEARCH_PATHS = "$(inherited) @executable_path/Frameworks";
				PRODUCT_BUNDLE_IDENTIFIER = com.AK.AKInstalledAppList;
				PRODUCT_NAME = "$(TARGET_NAME)";
			};
			name = Debug;
		};
		860F13BB1CB6953D00C77CA2 /* Release */ = {
			isa = XCBuildConfiguration;
			buildSettings = {
				ASSETCATALOG_COMPILER_APPICON_NAME = AppIcon;
				INFOPLIST_FILE = AKInstalledAppList/Info.plist;
				LD_RUNPATH_SEARCH_PATHS = "$(inherited) @executable_path/Frameworks";
				PRODUCT_BUNDLE_IDENTIFIER = com.AK.AKInstalledAppList;
				PRODUCT_NAME = "$(TARGET_NAME)";
			};
			name = Release;
		};
/* End XCBuildConfiguration section */

/* Begin XCConfigurationList section */
		860F139A1CB6953D00C77CA2 /* Build configuration list for PBXProject "AKInstalledAppList" */ = {
			isa = XCConfigurationList;
			buildConfigurations = (
				860F13B71CB6953D00C77CA2 /* Debug */,
				860F13B81CB6953D00C77CA2 /* Release */,
			);
			defaultConfigurationIsVisible = 0;
			defaultConfigurationName = Release;
		};
		860F13B91CB6953D00C77CA2 /* Build configuration list for PBXNativeTarget "AKInstalledAppList" */ = {
			isa = XCConfigurationList;
			buildConfigurations = (
				860F13BA1CB6953D00C77CA2 /* Debug */,
				860F13BB1CB6953D00C77CA2 /* Release */,
			);
			defaultConfigurationIsVisible = 0;
		};
/* End XCConfigurationList section */

/* Begin XCVersionGroup section */
		860F13AE1CB6953D00C77CA2 /* AKInstalledAppList.xcdatamodeld */ = {
			isa = XCVersionGroup;
			children = (
				860F13AF1CB6953D00C77CA2 /* AKInstalledAppList.xcdatamodel */,
			);
			currentVersion = 860F13AF1CB6953D00C77CA2 /* AKInstalledAppList.xcdatamodel */;
			path = AKInstalledAppList.xcdatamodeld;
			sourceTree = "<group>";
			versionGroupType = wrapper.xcdatamodel;
		};
/* End XCVersionGroup section */
	};
	rootObject = 860F13971CB6953D00C77CA2 /* Project object */;
}
